// !$*UTF8*$!
{
	archiveVersion = 1;
	classes = {
	};
	objectVersion = 48;
	objects = {

/* Begin PBXBuildFile section */
		4A8A6934209AFF9C00930223 /* SSASideMenu.swift in Sources */ = {isa = PBXBuildFile; fileRef = 4A8A6933209AFF9C00930223 /* SSASideMenu.swift */; };
		4AE7F98B2086DD9500CC21ED /* AppDelegate.swift in Sources */ = {isa = PBXBuildFile; fileRef = 4AE7F98A2086DD9500CC21ED /* AppDelegate.swift */; };
		4AE7F98D2086DD9500CC21ED /* ViewController.swift in Sources */ = {isa = PBXBuildFile; fileRef = 4AE7F98C2086DD9500CC21ED /* ViewController.swift */; };
		4AE7F9902086DD9500CC21ED /* Main.storyboard in Resources */ = {isa = PBXBuildFile; fileRef = 4AE7F98E2086DD9500CC21ED /* Main.storyboard */; };
		4AE7F9922086DD9500CC21ED /* Assets.xcassets in Resources */ = {isa = PBXBuildFile; fileRef = 4AE7F9912086DD9500CC21ED /* Assets.xcassets */; };
		4AE7F9952086DD9500CC21ED /* LaunchScreen.storyboard in Resources */ = {isa = PBXBuildFile; fileRef = 4AE7F9932086DD9500CC21ED /* LaunchScreen.storyboard */; };
		4AE7F99D2086DDAD00CC21ED /* CBYNavigationController.swift in Sources */ = {isa = PBXBuildFile; fileRef = 4AE7F99C2086DDAC00CC21ED /* CBYNavigationController.swift */; };
		4AE7F9A12086EE9000CC21ED /* LeftSlideTableViewController.swift in Sources */ = {isa = PBXBuildFile; fileRef = 4AE7F9A02086EE9000CC21ED /* LeftSlideTableViewController.swift */; };
		97C17B4AFEC6147C740296FE /* Pods_demo.framework in Frameworks */ = {isa = PBXBuildFile; fileRef = B4CC3AF38CB53BF7B2D8DD98 /* Pods_demo.framework */; };
/* End PBXBuildFile section */

/* Begin PBXFileReference section */
		4A8A6933209AFF9C00930223 /* SSASideMenu.swift */ = {isa = PBXFileReference; fileEncoding = 4; lastKnownFileType = sourcecode.swift; path = SSASideMenu.swift; sourceTree = "<group>"; };
		4AE7F9872086DD9500CC21ED /* demo.app */ = {isa = PBXFileReference; explicitFileType = wrapper.application; includeInIndex = 0; path = demo.app; sourceTree = BUILT_PRODUCTS_DIR; };
		4AE7F98A2086DD9500CC21ED /* AppDelegate.swift */ = {isa = PBXFileReference; lastKnownFileType = sourcecode.swift; path = AppDelegate.swift; sourceTree = "<group>"; };
		4AE7F98C2086DD9500CC21ED /* ViewController.swift */ = {isa = PBXFileReference; lastKnownFileType = sourcecode.swift; path = ViewController.swift; sourceTree = "<group>"; };
		4AE7F98F2086DD9500CC21ED /* Base */ = {isa = PBXFileReference; lastKnownFileType = file.storyboard; name = Base; path = Base.lproj/Main.storyboard; sourceTree = "<group>"; };
		4AE7F9912086DD9500CC21ED /* Assets.xcassets */ = {isa = PBXFileReference; lastKnownFileType = folder.assetcatalog; path = Assets.xcassets; sourceTree = "<group>"; };
		4AE7F9942086DD9500CC21ED /* Base */ = {isa = PBXFileReference; lastKnownFileType = file.storyboard; name = Base; path = Base.lproj/LaunchScreen.storyboard; sourceTree = "<group>"; };
		4AE7F9962086DD9500CC21ED /* Info.plist */ = {isa = PBXFileReference; lastKnownFileType = text.plist.xml; path = Info.plist; sourceTree = "<group>"; };
		4AE7F99C2086DDAC00CC21ED /* CBYNavigationController.swift */ = {isa = PBXFileReference; fileEncoding = 4; lastKnownFileType = sourcecode.swift; path = CBYNavigationController.swift; sourceTree = "<group>"; };
		4AE7F9A02086EE9000CC21ED /* LeftSlideTableViewController.swift */ = {isa = PBXFileReference; lastKnownFileType = sourcecode.swift; path = LeftSlideTableViewController.swift; sourceTree = "<group>"; };
		B4CC3AF38CB53BF7B2D8DD98 /* Pods_demo.framework */ = {isa = PBXFileReference; explicitFileType = wrapper.framework; includeInIndex = 0; path = Pods_demo.framework; sourceTree = BUILT_PRODUCTS_DIR; };
		E0662A7418DA08B9B969153B /* Pods-demo.release.xcconfig */ = {isa = PBXFileReference; includeInIndex = 1; lastKnownFileType = text.xcconfig; name = "Pods-demo.release.xcconfig"; path = "Pods/Target Support Files/Pods-demo/Pods-demo.release.xcconfig"; sourceTree = "<group>"; };
		FF9D45F8A53D989E73B66999 /* Pods-demo.debug.xcconfig */ = {isa = PBXFileReference; includeInIndex = 1; lastKnownFileType = text.xcconfig; name = "Pods-demo.debug.xcconfig"; path = "Pods/Target Support Files/Pods-demo/Pods-demo.debug.xcconfig"; sourceTree = "<group>"; };
/* End PBXFileReference section */

/* Begin PBXFrameworksBuildPhase section */
		4AE7F9842086DD9500CC21ED /* Frameworks */ = {
			isa = PBXFrameworksBuildPhase;
			buildActionMask = 2147483647;
			files = (
				97C17B4AFEC6147C740296FE /* Pods_demo.framework in Frameworks */,
			);
			runOnlyForDeploymentPostprocessing = 0;
		};
/* End PBXFrameworksBuildPhase section */

/* Begin PBXGroup section */
		283FF86DEFB8CD3B689AC67C /* Frameworks */ = {
			isa = PBXGroup;
			children = (
				B4CC3AF38CB53BF7B2D8DD98 /* Pods_demo.framework */,
			);
			name = Frameworks;
			sourceTree = "<group>";
		};
		4AE7F97E2086DD9500CC21ED = {
			isa = PBXGroup;
			children = (
				4AE7F9892086DD9500CC21ED /* demo */,
				4AE7F9882086DD9500CC21ED /* Products */,
				60A194AE4665ECA8EA76D042 /* Pods */,
				283FF86DEFB8CD3B689AC67C /* Frameworks */,
			);
			sourceTree = "<group>";
		};
		4AE7F9882086DD9500CC21ED /* Products */ = {
			isa = PBXGroup;
			children = (
				4AE7F9872086DD9500CC21ED /* demo.app */,
			);
			name = Products;
			sourceTree = "<group>";
		};
		4AE7F9892086DD9500CC21ED /* demo */ = {
			isa = PBXGroup;
			children = (
				4A8A6933209AFF9C00930223 /* SSASideMenu.swift */,
				4AE7F99C2086DDAC00CC21ED /* CBYNavigationController.swift */,
				4AE7F98A2086DD9500CC21ED /* AppDelegate.swift */,
				4AE7F98C2086DD9500CC21ED /* ViewController.swift */,
				4AE7F9A02086EE9000CC21ED /* LeftSlideTableViewController.swift */,
				4AE7F98E2086DD9500CC21ED /* Main.storyboard */,
				4AE7F9912086DD9500CC21ED /* Assets.xcassets */,
				4AE7F9932086DD9500CC21ED /* LaunchScreen.storyboard */,
				4AE7F9962086DD9500CC21ED /* Info.plist */,
			);
			path = demo;
			sourceTree = "<group>";
		};
		60A194AE4665ECA8EA76D042 /* Pods */ = {
			isa = PBXGroup;
			children = (
				FF9D45F8A53D989E73B66999 /* Pods-demo.debug.xcconfig */,
				E0662A7418DA08B9B969153B /* Pods-demo.release.xcconfig */,
			);
			name = Pods;
			sourceTree = "<group>";
		};
/* End PBXGroup section */

/* Begin PBXNativeTarget section */
		4AE7F9862086DD9500CC21ED /* demo */ = {
			isa = PBXNativeTarget;
			buildConfigurationList = 4AE7F9992086DD9500CC21ED /* Build configuration list for PBXNativeTarget "demo" */;
			buildPhases = (
				6AABE9B2AD2F2796520DCB45 /* [CP] Check Pods Manifest.lock */,
				4AE7F9832086DD9500CC21ED /* Sources */,
				4AE7F9842086DD9500CC21ED /* Frameworks */,
				4AE7F9852086DD9500CC21ED /* Resources */,
				424B7606D2EF8D3DBAC0914B /* [CP] Embed Pods Frameworks */,
				DDCBAC010B6FD5BB5082D591 /* [CP] Copy Pods Resources */,
			);
			buildRules = (
			);
			dependencies = (
			);
			name = demo;
			productName = demo;
			productReference = 4AE7F9872086DD9500CC21ED /* demo.app */;
			productType = "com.apple.product-type.application";
		};
/* End PBXNativeTarget section */

/* Begin PBXProject section */
		4AE7F97F2086DD9500CC21ED /* Project object */ = {
			isa = PBXProject;
			attributes = {
				LastSwiftUpdateCheck = 0920;
				LastUpgradeCheck = 0920;
				ORGANIZATIONNAME = Caoby;
				TargetAttributes = {
					4AE7F9862086DD9500CC21ED = {
						CreatedOnToolsVersion = 9.2;
						ProvisioningStyle = Manual;
					};
				};
			};
			buildConfigurationList = 4AE7F9822086DD9500CC21ED /* Build configuration list for PBXProject "demo" */;
			compatibilityVersion = "Xcode 8.0";
			developmentRegion = en;
			hasScannedForEncodings = 0;
			knownRegions = (
				en,
				Base,
			);
			mainGroup = 4AE7F97E2086DD9500CC21ED;
			productRefGroup = 4AE7F9882086DD9500CC21ED /* Products */;
			projectDirPath = "";
			projectRoot = "";
			targets = (
				4AE7F9862086DD9500CC21ED /* demo */,
			);
		};
/* End PBXProject section */

/* Begin PBXResourcesBuildPhase section */
		4AE7F9852086DD9500CC21ED /* Resources */ = {
			isa = PBXResourcesBuildPhase;
			buildActionMask = 2147483647;
			files = (
				4AE7F9952086DD9500CC21ED /* LaunchScreen.storyboard in Resources */,
				4AE7F9922086DD9500CC21ED /* Assets.xcassets in Resources */,
				4AE7F9902086DD9500CC21ED /* Main.storyboard in Resources */,
			);
			runOnlyForDeploymentPostprocessing = 0;
		};
/* End PBXResourcesBuildPhase section */

/* Begin PBXShellScriptBuildPhase section */
		424B7606D2EF8D3DBAC0914B /* [CP] Embed Pods Frameworks */ = {
			isa = PBXShellScriptBuildPhase;
			buildActionMask = 2147483647;
			files = (
			);
			inputPaths = (
				"${SRCROOT}/Pods/Target Support Files/Pods-demo/Pods-demo-frameworks.sh",
				"${BUILT_PRODUCTS_DIR}/IQKeyboardManager/IQKeyboardManager.framework",
				"${BUILT_PRODUCTS_DIR}/SideMenu/SideMenu.framework",
			);
			name = "[CP] Embed Pods Frameworks";
			outputPaths = (
				"${TARGET_BUILD_DIR}/${FRAMEWORKS_FOLDER_PATH}/IQKeyboardManager.framework",
				"${TARGET_BUILD_DIR}/${FRAMEWORKS_FOLDER_PATH}/SideMenu.framework",
			);
			runOnlyForDeploymentPostprocessing = 0;
			shellPath = /bin/sh;
			shellScript = "\"${SRCROOT}/Pods/Target Support Files/Pods-demo/Pods-demo-frameworks.sh\"\n";
			showEnvVarsInLog = 0;
		};
		6AABE9B2AD2F2796520DCB45 /* [CP] Check Pods Manifest.lock */ = {
			isa = PBXShellScriptBuildPhase;
			buildActionMask = 2147483647;
			files = (
			);
			inputPaths = (
				"${PODS_PODFILE_DIR_PATH}/Podfile.lock",
				"${PODS_ROOT}/Manifest.lock",
			);
			name = "[CP] Check Pods Manifest.lock";
			outputPaths = (
				"$(DERIVED_FILE_DIR)/Pods-demo-checkManifestLockResult.txt",
			);
			runOnlyForDeploymentPostprocessing = 0;
			shellPath = /bin/sh;
			shellScript = "diff \"${PODS_PODFILE_DIR_PATH}/Podfile.lock\" \"${PODS_ROOT}/Manifest.lock\" > /dev/null\nif [ $? != 0 ] ; then\n    # print error to STDERR\n    echo \"error: The sandbox is not in sync with the Podfile.lock. Run 'pod install' or update your CocoaPods installation.\" >&2\n    exit 1\nfi\n# This output is used by Xcode 'outputs' to avoid re-running this script phase.\necho \"SUCCESS\" > \"${SCRIPT_OUTPUT_FILE_0}\"\n";
			showEnvVarsInLog = 0;
		};
		DDCBAC010B6FD5BB5082D591 /* [CP] Copy Pods Resources */ = {
			isa = PBXShellScriptBuildPhase;
			buildActionMask = 2147483647;
			files = (
			);
			inputPaths = (
			);
			name = "[CP] Copy Pods Resources";
			outputPaths = (
			);
			runOnlyForDeploymentPostprocessing = 0;
			shellPath = /bin/sh;
			shellScript = "\"${SRCROOT}/Pods/Target Support Files/Pods-demo/Pods-demo-resources.sh\"\n";
			showEnvVarsInLog = 0;
		};
/* End PBXShellScriptBuildPhase section */

/* Begin PBXSourcesBuildPhase section */
		4AE7F9832086DD9500CC21ED /* Sources */ = {
			isa = PBXSourcesBuildPhase;
			buildActionMask = 2147483647;
			files = (
				4AE7F9A12086EE9000CC21ED /* LeftSlideTableViewController.swift in Sources */,
				4AE7F98D2086DD9500CC21ED /* ViewController.swift in Sources */,
				4AE7F98B2086DD9500CC21ED /* AppDelegate.swift in Sources */,
				4A8A6934209AFF9C00930223 /* SSASideMenu.swift in Sources */,
				4AE7F99D2086DDAD00CC21ED /* CBYNavigationController.swift in Sources */,
			);
			runOnlyForDeploymentPostprocessing = 0;
		};
/* End PBXSourcesBuildPhase section */

/* Begin PBXVariantGroup section */
		4AE7F98E2086DD9500CC21ED /* Main.storyboard */ = {
			isa = PBXVariantGroup;
			children = (
				4AE7F98F2086DD9500CC21ED /* Base */,
			);
			name = Main.storyboard;
			sourceTree = "<group>";
		};
		4AE7F9932086DD9500CC21ED /* LaunchScreen.storyboard */ = {
			isa = PBXVariantGroup;
			children = (
				4AE7F9942086DD9500CC21ED /* Base */,
			);
			name = LaunchScreen.storyboard;
			sourceTree = "<group>";
		};
/* End PBXVariantGroup section */

/* Begin XCBuildConfiguration section */
		4AE7F9972086DD9500CC21ED /* Debug */ = {
			isa = XCBuildConfiguration;
			buildSettings = {
				ALWAYS_SEARCH_USER_PATHS = NO;
				CLANG_ANALYZER_NONNULL = YES;
				CLANG_ANALYZER_NUMBER_OBJECT_CONVERSION = YES_AGGRESSIVE;
				CLANG_CXX_LANGUAGE_STANDARD = "gnu++14";
				CLANG_CXX_LIBRARY = "libc++";
				CLANG_ENABLE_MODULES = YES;
				CLANG_ENABLE_OBJC_ARC = YES;
				CLANG_WARN_BLOCK_CAPTURE_AUTORELEASING = YES;
				CLANG_WARN_BOOL_CONVERSION = YES;
				CLANG_WARN_COMMA = YES;
				CLANG_WARN_CONSTANT_CONVERSION = YES;
				CLANG_WARN_DIRECT_OBJC_ISA_USAGE = YES_ERROR;
				CLANG_WARN_DOCUMENTATION_COMMENTS = YES;
				CLANG_WARN_EMPTY_BODY = YES;
				CLANG_WARN_ENUM_CONVERSION = YES;
				CLANG_WARN_INFINITE_RECURSION = YES;
				CLANG_WARN_INT_CONVERSION = YES;
				CLANG_WARN_NON_LITERAL_NULL_CONVERSION = YES;
				CLANG_WARN_OBJC_LITERAL_CONVERSION = YES;
				CLANG_WARN_OBJC_ROOT_CLASS = YES_ERROR;
				CLANG_WARN_RANGE_LOOP_ANALYSIS = YES;
				CLANG_WARN_STRICT_PROTOTYPES = YES;
				CLANG_WARN_SUSPICIOUS_MOVE = YES;
				CLANG_WARN_UNGUARDED_AVAILABILITY = YES_AGGRESSIVE;
				CLANG_WARN_UNREACHABLE_CODE = YES;
				CLANG_WARN__DUPLICATE_METHOD_MATCH = YES;
				CODE_SIGN_IDENTITY = "iPhone Developer";
				COPY_PHASE_STRIP = NO;
				DEBUG_INFORMATION_FORMAT = dwarf;
				ENABLE_STRICT_OBJC_MSGSEND = YES;
				ENABLE_TESTABILITY = YES;
				GCC_C_LANGUAGE_STANDARD = gnu11;
				GCC_DYNAMIC_NO_PIC = NO;
				GCC_NO_COMMON_BLOCKS = YES;
				GCC_OPTIMIZATION_LEVEL = 0;
				GCC_PREPROCESSOR_DEFINITIONS = (
					"DEBUG=1",
					"$(inherited)",
				);
				GCC_WARN_64_TO_32_BIT_CONVERSION = YES;
				GCC_WARN_ABOUT_RETURN_TYPE = YES_ERROR;
				GCC_WARN_UNDECLARED_SELECTOR = YES;
				GCC_WARN_UNINITIALIZED_AUTOS = YES_AGGRESSIVE;
				GCC_WARN_UNUSED_FUNCTION = YES;
				GCC_WARN_UNUSED_VARIABLE = YES;
				IPHONEOS_DEPLOYMENT_TARGET = 11.2;
				MTL_ENABLE_DEBUG_INFO = YES;
				ONLY_ACTIVE_ARCH = YES;
				SDKROOT = iphoneos;
				SWIFT_ACTIVE_COMPILATION_CONDITIONS = DEBUG;
				SWIFT_OPTIMIZATION_LEVEL = "-Onone";
			};
			name = Debug;
		};
		4AE7F9982086DD9500CC21ED /* Release */ = {
			isa = XCBuildConfiguration;
			buildSettings = {
				ALWAYS_SEARCH_USER_PATHS = NO;
				CLANG_ANALYZER_NONNULL = YES;
				CLANG_ANALYZER_NUMBER_OBJECT_CONVERSION = YES_AGGRESSIVE;
				CLANG_CXX_LANGUAGE_STANDARD = "gnu++14";
				CLANG_CXX_LIBRARY = "libc++";
				CLANG_ENABLE_MODULES = YES;
				CLANG_ENABLE_OBJC_ARC = YES;
				CLANG_WARN_BLOCK_CAPTURE_AUTORELEASING = YES;
				CLANG_WARN_BOOL_CONVERSION = YES;
				CLANG_WARN_COMMA = YES;
				CLANG_WARN_CONSTANT_CONVERSION = YES;
				CLANG_WARN_DIRECT_OBJC_ISA_USAGE = YES_ERROR;
				CLANG_WARN_DOCUMENTATION_COMMENTS = YES;
				CLANG_WARN_EMPTY_BODY = YES;
				CLANG_WARN_ENUM_CONVERSION = YES;
				CLANG_WARN_INFINITE_RECURSION = YES;
				CLANG_WARN_INT_CONVERSION = YES;
				CLANG_WARN_NON_LITERAL_NULL_CONVERSION = YES;
				CLANG_WARN_OBJC_LITERAL_CONVERSION = YES;
				CLANG_WARN_OBJC_ROOT_CLASS = YES_ERROR;
				CLANG_WARN_RANGE_LOOP_ANALYSIS = YES;
				CLANG_WARN_STRICT_PROTOTYPES = YES;
				CLANG_WARN_SUSPICIOUS_MOVE = YES;
				CLANG_WARN_UNGUARDED_AVAILABILITY = YES_AGGRESSIVE;
				CLANG_WARN_UNREACHABLE_CODE = YES;
				CLANG_WARN__DUPLICATE_METHOD_MATCH = YES;
				CODE_SIGN_IDENTITY = "iPhone Developer";
				COPY_PHASE_STRIP = NO;
				DEBUG_INFORMATION_FORMAT = "dwarf-with-dsym";
				ENABLE_NS_ASSERTIONS = NO;
				ENABLE_STRICT_OBJC_MSGSEND = YES;
				GCC_C_LANGUAGE_STANDARD = gnu11;
				GCC_NO_COMMON_BLOCKS = YES;
				GCC_WARN_64_TO_32_BIT_CONVERSION = YES;
				GCC_WARN_ABOUT_RETURN_TYPE = YES_ERROR;
				GCC_WARN_UNDECLARED_SELECTOR = YES;
				GCC_WARN_UNINITIALIZED_AUTOS = YES_AGGRESSIVE;
				GCC_WARN_UNUSED_FUNCTION = YES;
				GCC_WARN_UNUSED_VARIABLE = YES;
				IPHONEOS_DEPLOYMENT_TARGET = 11.2;
				MTL_ENABLE_DEBUG_INFO = NO;
				SDKROOT = iphoneos;
				SWIFT_OPTIMIZATION_LEVEL = "-Owholemodule";
				VALIDATE_PRODUCT = YES;
			};
			name = Release;
		};
		4AE7F99A2086DD9500CC21ED /* Debug */ = {
			isa = XCBuildConfiguration;
			baseConfigurationReference = FF9D45F8A53D989E73B66999 /* Pods-demo.debug.xcconfig */;
			buildSettings = {
				ASSETCATALOG_COMPILER_APPICON_NAME = AppIcon;
				CODE_SIGN_STYLE = Manual;
				DEVELOPMENT_TEAM = WWWNRXMRDD;
				INFOPLIST_FILE = demo/Info.plist;
				LD_RUNPATH_SEARCH_PATHS = "$(inherited) @executable_path/Frameworks";
				PRODUCT_BUNDLE_IDENTIFIER = cn.lonsun.demo;
				PRODUCT_NAME = "$(TARGET_NAME)";
				PROVISIONING_PROFILE = "c40f4d3b-7e9e-4664-a125-2e244b240fc8";
				PROVISIONING_PROFILE_SPECIFIER = DebugTest;
				SWIFT_VERSION = 4.0;
				TARGETED_DEVICE_FAMILY = "1,2";
			};
			name = Debug;
		};
		4AE7F99B2086DD9500CC21ED /* Release */ = {
			isa = XCBuildConfiguration;
			baseConfigurationReference = E0662A7418DA08B9B969153B /* Pods-demo.release.xcconfig */;
			buildSettings = {
				ASSETCATALOG_COMPILER_APPICON_NAME = AppIcon;
				CODE_SIGN_STYLE = Manual;
				DEVELOPMENT_TEAM = WWWNRXMRDD;
				INFOPLIST_FILE = demo/Info.plist;
				LD_RUNPATH_SEARCH_PATHS = "$(inherited) @executable_path/Frameworks";
				PRODUCT_BUNDLE_IDENTIFIER = cn.lonsun.demo;
				PRODUCT_NAME = "$(TARGET_NAME)";
				PROVISIONING_PROFILE = "c40f4d3b-7e9e-4664-a125-2e244b240fc8";
				PROVISIONING_PROFILE_SPECIFIER = DebugTest;
				SWIFT_VERSION = 4.0;
				TARGETED_DEVICE_FAMILY = "1,2";
			};
			name = Release;
		};
/* End XCBuildConfiguration section */

/* Begin XCConfigurationList section */
		4AE7F9822086DD9500CC21ED /* Build configuration list for PBXProject "demo" */ = {
			isa = XCConfigurationList;
			buildConfigurations = (
				4AE7F9972086DD9500CC21ED /* Debug */,
				4AE7F9982086DD9500CC21ED /* Release */,
			);
			defaultConfigurationIsVisible = 0;
			defaultConfigurationName = Release;
		};
		4AE7F9992086DD9500CC21ED /* Build configuration list for PBXNativeTarget "demo" */ = {
			isa = XCConfigurationList;
			buildConfigurations = (
				4AE7F99A2086DD9500CC21ED /* Debug */,
				4AE7F99B2086DD9500CC21ED /* Release */,
			);
			defaultConfigurationIsVisible = 0;
			defaultConfigurationName = Release;
		};
/* End XCConfigurationList section */
	};
	rootObject = 4AE7F97F2086DD9500CC21ED /* Project object */;
}
